
Microsoft Visual Studio Solution File, Format Version 12.00
# Visual Studio Version 16
VisualStudioVersion = 16.0.28803.352
MinimumVisualStudioVersion = 10.0.40219.1
Project("{FAE04EC0-301F-11D3-BF4B-00C04F79EFBC}") = "coffeeApi", "coffeeApi\coffeeApi.csproj", "{0E92BE82-188B-424C-8D88-9434C4016CBD}"
EndProject
Global
	GlobalSection(SolutionConfigurationPlatforms) = preSolution
		Debug|Any CPU = Debug|Any CPU
		Release|Any CPU = Release|Any CPU
	EndGlobalSection
	GlobalSection(ProjectConfigurationPlatforms) = postSolution
		{0E92BE82-188B-424C-8D88-9434C4016CBD}.Debug|Any CPU.ActiveCfg = Debug|Any CPU
		{0E92BE82-188B-424C-8D88-9434C4016CBD}.Debug|Any CPU.Build.0 = Debug|Any CPU
		{0E92BE82-188B-424C-8D88-9434C4016CBD}.Release|Any CPU.ActiveCfg = Release|Any CPU
		{0E92BE82-188B-424C-8D88-9434C4016CBD}.Release|Any CPU.Build.0 = Release|Any CPU
	EndGlobalSection
	GlobalSection(SolutionProperties) = preSolution
		HideSolutionNode = FALSE
	EndGlobalSection
	GlobalSection(ExtensibilityGlobals) = postSolution
		SolutionGuid = {2BD758F7-6797-456C-9E07-D9C7429555E7}
	EndGlobalSection
EndGlobal
